// !$*UTF8*$!
{
	archiveVersion = 1;
	classes = {
	};
	objectVersion = 56;
	objects = {

/* Begin PBXBuildFile section */
		B3415102295094F30033E755 /* PermissionsManager.swift in Sources */ = {isa = PBXBuildFile; fileRef = B3415101295094F30033E755 /* PermissionsManager.swift */; };
		B34151042950961F0033E755 /* PermissionRequestViewController.swift in Sources */ = {isa = PBXBuildFile; fileRef = B34151032950961F0033E755 /* PermissionRequestViewController.swift */; };
		B3415106295097670033E755 /* UIHostingViewControllerCustom.swift in Sources */ = {isa = PBXBuildFile; fileRef = B3415105295097670033E755 /* UIHostingViewControllerCustom.swift */; };
		B3415109295097C00033E755 /* PermissionRequestAssembly.swift in Sources */ = {isa = PBXBuildFile; fileRef = B3415108295097C00033E755 /* PermissionRequestAssembly.swift */; };
		B341510B295097F10033E755 /* ArchitectureProtocols.swift in Sources */ = {isa = PBXBuildFile; fileRef = B341510A295097F10033E755 /* ArchitectureProtocols.swift */; };
		B341510D2950989A0033E755 /* PermissionRequestContract.swift in Sources */ = {isa = PBXBuildFile; fileRef = B341510C2950989A0033E755 /* PermissionRequestContract.swift */; };
		B360E368295B463300806405 /* PermissionRequestFlow.swift in Sources */ = {isa = PBXBuildFile; fileRef = B360E367295B463300806405 /* PermissionRequestFlow.swift */; };
		B39C5B44292FAB60005DC256 /* AppDelegate.swift in Sources */ = {isa = PBXBuildFile; fileRef = B39C5B43292FAB60005DC256 /* AppDelegate.swift */; };
		B39C5B46292FAB60005DC256 /* MainARView.swift in Sources */ = {isa = PBXBuildFile; fileRef = B39C5B45292FAB60005DC256 /* MainARView.swift */; };
		B39C5B48292FAB60005DC256 /* Experience.rcproject in Sources */ = {isa = PBXBuildFile; fileRef = B39C5B47292FAB60005DC256 /* Experience.rcproject */; };
		B39C5B4A292FAB61005DC256 /* Assets.xcassets in Resources */ = {isa = PBXBuildFile; fileRef = B39C5B49292FAB61005DC256 /* Assets.xcassets */; };
		B39C5B4D292FAB61005DC256 /* Preview Assets.xcassets in Resources */ = {isa = PBXBuildFile; fileRef = B39C5B4C292FAB61005DC256 /* Preview Assets.xcassets */; };
		B39C5B54292FBC94005DC256 /* PermissionRequestView.swift in Sources */ = {isa = PBXBuildFile; fileRef = B39C5B53292FBC94005DC256 /* PermissionRequestView.swift */; };
		B39C5B58292FC7C5005DC256 /* AnimatedBackground.swift in Sources */ = {isa = PBXBuildFile; fileRef = B39C5B57292FC7C5005DC256 /* AnimatedBackground.swift */; };
		B39C5B60292FCA41005DC256 /* Montserrat-ExtraBold.ttf in Resources */ = {isa = PBXBuildFile; fileRef = B39C5B5B292FCA40005DC256 /* Montserrat-ExtraBold.ttf */; };
		B39C5B61292FCA41005DC256 /* Montserrat-Bold.ttf in Resources */ = {isa = PBXBuildFile; fileRef = B39C5B5C292FCA41005DC256 /* Montserrat-Bold.ttf */; };
		B39C5B62292FCA41005DC256 /* Montserrat-SemiBold.ttf in Resources */ = {isa = PBXBuildFile; fileRef = B39C5B5D292FCA41005DC256 /* Montserrat-SemiBold.ttf */; };
		B39C5B63292FCA41005DC256 /* Montserrat-Medium.ttf in Resources */ = {isa = PBXBuildFile; fileRef = B39C5B5E292FCA41005DC256 /* Montserrat-Medium.ttf */; };
		B39C5B64292FCA41005DC256 /* Montserrat-Regular.ttf in Resources */ = {isa = PBXBuildFile; fileRef = B39C5B5F292FCA41005DC256 /* Montserrat-Regular.ttf */; };
		B39C5B68292FCAC6005DC256 /* Font+Extension.swift in Sources */ = {isa = PBXBuildFile; fileRef = B39C5B67292FCAC6005DC256 /* Font+Extension.swift */; };
		B39C5B6A292FD37E005DC256 /* ARViewContainer.swift in Sources */ = {isa = PBXBuildFile; fileRef = B39C5B69292FD37E005DC256 /* ARViewContainer.swift */; };
		B3C0B938293624A6009EA272 /* PermissionRequestViewModel.swift in Sources */ = {isa = PBXBuildFile; fileRef = B3C0B937293624A6009EA272 /* PermissionRequestViewModel.swift */; };
/* End PBXBuildFile section */

/* Begin PBXFileReference section */
		B3415101295094F30033E755 /* PermissionsManager.swift */ = {isa = PBXFileReference; lastKnownFileType = sourcecode.swift; path = PermissionsManager.swift; sourceTree = "<group>"; };
		B34151032950961F0033E755 /* PermissionRequestViewController.swift */ = {isa = PBXFileReference; lastKnownFileType = sourcecode.swift; path = PermissionRequestViewController.swift; sourceTree = "<group>"; };
		B3415105295097670033E755 /* UIHostingViewControllerCustom.swift */ = {isa = PBXFileReference; lastKnownFileType = sourcecode.swift; path = UIHostingViewControllerCustom.swift; sourceTree = "<group>"; };
		B3415108295097C00033E755 /* PermissionRequestAssembly.swift */ = {isa = PBXFileReference; lastKnownFileType = sourcecode.swift; path = PermissionRequestAssembly.swift; sourceTree = "<group>"; };
		B341510A295097F10033E755 /* ArchitectureProtocols.swift */ = {isa = PBXFileReference; lastKnownFileType = sourcecode.swift; path = ArchitectureProtocols.swift; sourceTree = "<group>"; };
		B341510C2950989A0033E755 /* PermissionRequestContract.swift */ = {isa = PBXFileReference; lastKnownFileType = sourcecode.swift; path = PermissionRequestContract.swift; sourceTree = "<group>"; };
		B360E367295B463300806405 /* PermissionRequestFlow.swift */ = {isa = PBXFileReference; lastKnownFileType = sourcecode.swift; path = PermissionRequestFlow.swift; sourceTree = "<group>"; };
		B39C5B40292FAB60005DC256 /* GIPHY World.app */ = {isa = PBXFileReference; explicitFileType = wrapper.application; includeInIndex = 0; path = "GIPHY World.app"; sourceTree = BUILT_PRODUCTS_DIR; };
		B39C5B43292FAB60005DC256 /* AppDelegate.swift */ = {isa = PBXFileReference; lastKnownFileType = sourcecode.swift; path = AppDelegate.swift; sourceTree = "<group>"; };
		B39C5B45292FAB60005DC256 /* MainARView.swift */ = {isa = PBXFileReference; lastKnownFileType = sourcecode.swift; path = MainARView.swift; sourceTree = "<group>"; };
		B39C5B47292FAB60005DC256 /* Experience.rcproject */ = {isa = PBXFileReference; lastKnownFileType = file.rcproject; path = Experience.rcproject; sourceTree = "<group>"; };
		B39C5B49292FAB61005DC256 /* Assets.xcassets */ = {isa = PBXFileReference; lastKnownFileType = folder.assetcatalog; path = Assets.xcassets; sourceTree = "<group>"; };
		B39C5B4C292FAB61005DC256 /* Preview Assets.xcassets */ = {isa = PBXFileReference; lastKnownFileType = folder.assetcatalog; path = "Preview Assets.xcassets"; sourceTree = "<group>"; };
		B39C5B53292FBC94005DC256 /* PermissionRequestView.swift */ = {isa = PBXFileReference; lastKnownFileType = sourcecode.swift; path = PermissionRequestView.swift; sourceTree = "<group>"; };
		B39C5B57292FC7C5005DC256 /* AnimatedBackground.swift */ = {isa = PBXFileReference; lastKnownFileType = sourcecode.swift; path = AnimatedBackground.swift; sourceTree = "<group>"; };
		B39C5B5B292FCA40005DC256 /* Montserrat-ExtraBold.ttf */ = {isa = PBXFileReference; lastKnownFileType = file; path = "Montserrat-ExtraBold.ttf"; sourceTree = "<group>"; };
		B39C5B5C292FCA41005DC256 /* Montserrat-Bold.ttf */ = {isa = PBXFileReference; lastKnownFileType = file; path = "Montserrat-Bold.ttf"; sourceTree = "<group>"; };
		B39C5B5D292FCA41005DC256 /* Montserrat-SemiBold.ttf */ = {isa = PBXFileReference; lastKnownFileType = file; path = "Montserrat-SemiBold.ttf"; sourceTree = "<group>"; };
		B39C5B5E292FCA41005DC256 /* Montserrat-Medium.ttf */ = {isa = PBXFileReference; lastKnownFileType = file; path = "Montserrat-Medium.ttf"; sourceTree = "<group>"; };
		B39C5B5F292FCA41005DC256 /* Montserrat-Regular.ttf */ = {isa = PBXFileReference; lastKnownFileType = file; path = "Montserrat-Regular.ttf"; sourceTree = "<group>"; };
		B39C5B66292FCA60005DC256 /* GIPHY-World-Info.plist */ = {isa = PBXFileReference; lastKnownFileType = text.plist; path = "GIPHY-World-Info.plist"; sourceTree = SOURCE_ROOT; };
		B39C5B67292FCAC6005DC256 /* Font+Extension.swift */ = {isa = PBXFileReference; lastKnownFileType = sourcecode.swift; path = "Font+Extension.swift"; sourceTree = "<group>"; };
		B39C5B69292FD37E005DC256 /* ARViewContainer.swift */ = {isa = PBXFileReference; lastKnownFileType = sourcecode.swift; path = ARViewContainer.swift; sourceTree = "<group>"; };
		B3C0B937293624A6009EA272 /* PermissionRequestViewModel.swift */ = {isa = PBXFileReference; lastKnownFileType = sourcecode.swift; path = PermissionRequestViewModel.swift; sourceTree = "<group>"; };
/* End PBXFileReference section */

/* Begin PBXFrameworksBuildPhase section */
		B39C5B3D292FAB60005DC256 /* Frameworks */ = {
			isa = PBXFrameworksBuildPhase;
			buildActionMask = 2147483647;
			files = (
			);
			runOnlyForDeploymentPostprocessing = 0;
		};
/* End PBXFrameworksBuildPhase section */

/* Begin PBXGroup section */
		B3415107295097750033E755 /* Extensions */ = {
			isa = PBXGroup;
			children = (
				B39C5B67292FCAC6005DC256 /* Font+Extension.swift */,
				B3415105295097670033E755 /* UIHostingViewControllerCustom.swift */,
			);
			path = Extensions;
			sourceTree = "<group>";
		};
		B39C5B37292FAB60005DC256 = {
			isa = PBXGroup;
			children = (
				B39C5B42292FAB60005DC256 /* GIPHY World */,
				B39C5B41292FAB60005DC256 /* Products */,
			);
			sourceTree = "<group>";
		};
		B39C5B41292FAB60005DC256 /* Products */ = {
			isa = PBXGroup;
			children = (
				B39C5B40292FAB60005DC256 /* GIPHY World.app */,
			);
			name = Products;
			sourceTree = "<group>";
		};
		B39C5B42292FAB60005DC256 /* GIPHY World */ = {
			isa = PBXGroup;
			children = (
				B39C5B43292FAB60005DC256 /* AppDelegate.swift */,
				B39C5B45292FAB60005DC256 /* MainARView.swift */,
				B341510C2950989A0033E755 /* PermissionRequestContract.swift */,
				B3C0B937293624A6009EA272 /* PermissionRequestViewModel.swift */,
				B360E367295B463300806405 /* PermissionRequestFlow.swift */,
				B34151032950961F0033E755 /* PermissionRequestViewController.swift */,
				B39C5B53292FBC94005DC256 /* PermissionRequestView.swift */,
				B3415108295097C00033E755 /* PermissionRequestAssembly.swift */,
				B39C5B65292FCA45005DC256 /* Fonts */,
				B39C5B47292FAB60005DC256 /* Experience.rcproject */,
				B39C5B49292FAB61005DC256 /* Assets.xcassets */,
				B39C5B66292FCA60005DC256 /* GIPHY-World-Info.plist */,
				B39C5B4B292FAB61005DC256 /* Preview Content */,
				B39C5B5A292FC7E3005DC256 /* Components */,
				B39C5B69292FD37E005DC256 /* ARViewContainer.swift */,
				B3415101295094F30033E755 /* PermissionsManager.swift */,
				B3415107295097750033E755 /* Extensions */,
				B341510A295097F10033E755 /* ArchitectureProtocols.swift */,
			);
			path = "GIPHY World";
			sourceTree = "<group>";
		};
		B39C5B4B292FAB61005DC256 /* Preview Content */ = {
			isa = PBXGroup;
			children = (
				B39C5B4C292FAB61005DC256 /* Preview Assets.xcassets */,
			);
			path = "Preview Content";
			sourceTree = "<group>";
		};
		B39C5B59292FC7D4005DC256 /* Views */ = {
			isa = PBXGroup;
			children = (
				B39C5B57292FC7C5005DC256 /* AnimatedBackground.swift */,
			);
			path = Views;
			sourceTree = "<group>";
		};
		B39C5B5A292FC7E3005DC256 /* Components */ = {
			isa = PBXGroup;
			children = (
				B39C5B59292FC7D4005DC256 /* Views */,
			);
			path = Components;
			sourceTree = "<group>";
		};
		B39C5B65292FCA45005DC256 /* Fonts */ = {
			isa = PBXGroup;
			children = (
				B39C5B5C292FCA41005DC256 /* Montserrat-Bold.ttf */,
				B39C5B5B292FCA40005DC256 /* Montserrat-ExtraBold.ttf */,
				B39C5B5E292FCA41005DC256 /* Montserrat-Medium.ttf */,
				B39C5B5F292FCA41005DC256 /* Montserrat-Regular.ttf */,
				B39C5B5D292FCA41005DC256 /* Montserrat-SemiBold.ttf */,
			);
			path = Fonts;
			sourceTree = "<group>";
		};
/* End PBXGroup section */

/* Begin PBXNativeTarget section */
		B39C5B3F292FAB60005DC256 /* GIPHY World */ = {
			isa = PBXNativeTarget;
			buildConfigurationList = B39C5B50292FAB61005DC256 /* Build configuration list for PBXNativeTarget "GIPHY World" */;
			buildPhases = (
				B39C5B3C292FAB60005DC256 /* Sources */,
				B39C5B3D292FAB60005DC256 /* Frameworks */,
				B39C5B3E292FAB60005DC256 /* Resources */,
			);
			buildRules = (
			);
			dependencies = (
			);
			name = "GIPHY World";
			productName = "GIPHY World";
			productReference = B39C5B40292FAB60005DC256 /* GIPHY World.app */;
			productType = "com.apple.product-type.application";
		};
/* End PBXNativeTarget section */

/* Begin PBXProject section */
		B39C5B38292FAB60005DC256 /* Project object */ = {
			isa = PBXProject;
			attributes = {
				BuildIndependentTargetsInParallel = 1;
				LastSwiftUpdateCheck = 1410;
				LastUpgradeCheck = 1410;
				TargetAttributes = {
					B39C5B3F292FAB60005DC256 = {
						CreatedOnToolsVersion = 14.1;
					};
				};
			};
			buildConfigurationList = B39C5B3B292FAB60005DC256 /* Build configuration list for PBXProject "GIPHY World" */;
			compatibilityVersion = "Xcode 14.0";
			developmentRegion = en;
			hasScannedForEncodings = 0;
			knownRegions = (
				en,
				Base,
			);
			mainGroup = B39C5B37292FAB60005DC256;
			productRefGroup = B39C5B41292FAB60005DC256 /* Products */;
			projectDirPath = "";
			projectRoot = "";
			targets = (
				B39C5B3F292FAB60005DC256 /* GIPHY World */,
			);
		};
/* End PBXProject section */

/* Begin PBXResourcesBuildPhase section */
		B39C5B3E292FAB60005DC256 /* Resources */ = {
			isa = PBXResourcesBuildPhase;
			buildActionMask = 2147483647;
			files = (
				B39C5B61292FCA41005DC256 /* Montserrat-Bold.ttf in Resources */,
				B39C5B4D292FAB61005DC256 /* Preview Assets.xcassets in Resources */,
				B39C5B64292FCA41005DC256 /* Montserrat-Regular.ttf in Resources */,
				B39C5B60292FCA41005DC256 /* Montserrat-ExtraBold.ttf in Resources */,
				B39C5B4A292FAB61005DC256 /* Assets.xcassets in Resources */,
				B39C5B63292FCA41005DC256 /* Montserrat-Medium.ttf in Resources */,
				B39C5B62292FCA41005DC256 /* Montserrat-SemiBold.ttf in Resources */,
			);
			runOnlyForDeploymentPostprocessing = 0;
		};
/* End PBXResourcesBuildPhase section */

/* Begin PBXSourcesBuildPhase section */
		B39C5B3C292FAB60005DC256 /* Sources */ = {
			isa = PBXSourcesBuildPhase;
			buildActionMask = 2147483647;
			files = (
				B341510B295097F10033E755 /* ArchitectureProtocols.swift in Sources */,
				B360E368295B463300806405 /* PermissionRequestFlow.swift in Sources */,
				B3415109295097C00033E755 /* PermissionRequestAssembly.swift in Sources */,
				B341510D2950989A0033E755 /* PermissionRequestContract.swift in Sources */,
				B39C5B46292FAB60005DC256 /* MainARView.swift in Sources */,
				B39C5B44292FAB60005DC256 /* AppDelegate.swift in Sources */,
				B3C0B938293624A6009EA272 /* PermissionRequestViewModel.swift in Sources */,
				B39C5B68292FCAC6005DC256 /* Font+Extension.swift in Sources */,
				B39C5B6A292FD37E005DC256 /* ARViewContainer.swift in Sources */,
				B34151042950961F0033E755 /* PermissionRequestViewController.swift in Sources */,
				B3415106295097670033E755 /* UIHostingViewControllerCustom.swift in Sources */,
				B39C5B58292FC7C5005DC256 /* AnimatedBackground.swift in Sources */,
				B39C5B54292FBC94005DC256 /* PermissionRequestView.swift in Sources */,
				B39C5B48292FAB60005DC256 /* Experience.rcproject in Sources */,
				B3415102295094F30033E755 /* PermissionsManager.swift in Sources */,
			);
			runOnlyForDeploymentPostprocessing = 0;
		};
/* End PBXSourcesBuildPhase section */

/* Begin XCBuildConfiguration section */
		B39C5B4E292FAB61005DC256 /* Debug */ = {
			isa = XCBuildConfiguration;
			buildSettings = {
				ALWAYS_SEARCH_USER_PATHS = NO;
				CLANG_ANALYZER_NONNULL = YES;
				CLANG_ANALYZER_NUMBER_OBJECT_CONVERSION = YES_AGGRESSIVE;
				CLANG_CXX_LANGUAGE_STANDARD = "gnu++20";
				CLANG_ENABLE_MODULES = YES;
				CLANG_ENABLE_OBJC_ARC = YES;
				CLANG_ENABLE_OBJC_WEAK = YES;
				CLANG_WARN_BLOCK_CAPTURE_AUTORELEASING = YES;
				CLANG_WARN_BOOL_CONVERSION = YES;
				CLANG_WARN_COMMA = YES;
				CLANG_WARN_CONSTANT_CONVERSION = YES;
				CLANG_WARN_DEPRECATED_OBJC_IMPLEMENTATIONS = YES;
				CLANG_WARN_DIRECT_OBJC_ISA_USAGE = YES_ERROR;
				CLANG_WARN_DOCUMENTATION_COMMENTS = YES;
				CLANG_WARN_EMPTY_BODY = YES;
				CLANG_WARN_ENUM_CONVERSION = YES;
				CLANG_WARN_INFINITE_RECURSION = YES;
				CLANG_WARN_INT_CONVERSION = YES;
				CLANG_WARN_NON_LITERAL_NULL_CONVERSION = YES;
				CLANG_WARN_OBJC_IMPLICIT_RETAIN_SELF = YES;
				CLANG_WARN_OBJC_LITERAL_CONVERSION = YES;
				CLANG_WARN_OBJC_ROOT_CLASS = YES_ERROR;
				CLANG_WARN_QUOTED_INCLUDE_IN_FRAMEWORK_HEADER = YES;
				CLANG_WARN_RANGE_LOOP_ANALYSIS = YES;
				CLANG_WARN_STRICT_PROTOTYPES = YES;
				CLANG_WARN_SUSPICIOUS_MOVE = YES;
				CLANG_WARN_UNGUARDED_AVAILABILITY = YES_AGGRESSIVE;
				CLANG_WARN_UNREACHABLE_CODE = YES;
				CLANG_WARN__DUPLICATE_METHOD_MATCH = YES;
				COPY_PHASE_STRIP = NO;
				DEBUG_INFORMATION_FORMAT = dwarf;
				ENABLE_STRICT_OBJC_MSGSEND = YES;
				ENABLE_TESTABILITY = YES;
				GCC_C_LANGUAGE_STANDARD = gnu11;
				GCC_DYNAMIC_NO_PIC = NO;
				GCC_NO_COMMON_BLOCKS = YES;
				GCC_OPTIMIZATION_LEVEL = 0;
				GCC_PREPROCESSOR_DEFINITIONS = (
					"DEBUG=1",
					"$(inherited)",
				);
				GCC_WARN_64_TO_32_BIT_CONVERSION = YES;
				GCC_WARN_ABOUT_RETURN_TYPE = YES_ERROR;
				GCC_WARN_UNDECLARED_SELECTOR = YES;
				GCC_WARN_UNINITIALIZED_AUTOS = YES_AGGRESSIVE;
				GCC_WARN_UNUSED_FUNCTION = YES;
				GCC_WARN_UNUSED_VARIABLE = YES;
				IPHONEOS_DEPLOYMENT_TARGET = 16.1;
				MTL_ENABLE_DEBUG_INFO = INCLUDE_SOURCE;
				MTL_FAST_MATH = YES;
				ONLY_ACTIVE_ARCH = YES;
				SDKROOT = iphoneos;
				SWIFT_ACTIVE_COMPILATION_CONDITIONS = DEBUG;
				SWIFT_OPTIMIZATION_LEVEL = "-Onone";
			};
			name = Debug;
		};
		B39C5B4F292FAB61005DC256 /* Release */ = {
			isa = XCBuildConfiguration;
			buildSettings = {
				ALWAYS_SEARCH_USER_PATHS = NO;
				CLANG_ANALYZER_NONNULL = YES;
				CLANG_ANALYZER_NUMBER_OBJECT_CONVERSION = YES_AGGRESSIVE;
				CLANG_CXX_LANGUAGE_STANDARD = "gnu++20";
				CLANG_ENABLE_MODULES = YES;
				CLANG_ENABLE_OBJC_ARC = YES;
				CLANG_ENABLE_OBJC_WEAK = YES;
				CLANG_WARN_BLOCK_CAPTURE_AUTORELEASING = YES;
				CLANG_WARN_BOOL_CONVERSION = YES;
				CLANG_WARN_COMMA = YES;
				CLANG_WARN_CONSTANT_CONVERSION = YES;
				CLANG_WARN_DEPRECATED_OBJC_IMPLEMENTATIONS = YES;
				CLANG_WARN_DIRECT_OBJC_ISA_USAGE = YES_ERROR;
				CLANG_WARN_DOCUMENTATION_COMMENTS = YES;
				CLANG_WARN_EMPTY_BODY = YES;
				CLANG_WARN_ENUM_CONVERSION = YES;
				CLANG_WARN_INFINITE_RECURSION = YES;
				CLANG_WARN_INT_CONVERSION = YES;
				CLANG_WARN_NON_LITERAL_NULL_CONVERSION = YES;
				CLANG_WARN_OBJC_IMPLICIT_RETAIN_SELF = YES;
				CLANG_WARN_OBJC_LITERAL_CONVERSION = YES;
				CLANG_WARN_OBJC_ROOT_CLASS = YES_ERROR;
				CLANG_WARN_QUOTED_INCLUDE_IN_FRAMEWORK_HEADER = YES;
				CLANG_WARN_RANGE_LOOP_ANALYSIS = YES;
				CLANG_WARN_STRICT_PROTOTYPES = YES;
				CLANG_WARN_SUSPICIOUS_MOVE = YES;
				CLANG_WARN_UNGUARDED_AVAILABILITY = YES_AGGRESSIVE;
				CLANG_WARN_UNREACHABLE_CODE = YES;
				CLANG_WARN__DUPLICATE_METHOD_MATCH = YES;
				COPY_PHASE_STRIP = NO;
				DEBUG_INFORMATION_FORMAT = "dwarf-with-dsym";
				ENABLE_NS_ASSERTIONS = NO;
				ENABLE_STRICT_OBJC_MSGSEND = YES;
				GCC_C_LANGUAGE_STANDARD = gnu11;
				GCC_NO_COMMON_BLOCKS = YES;
				GCC_WARN_64_TO_32_BIT_CONVERSION = YES;
				GCC_WARN_ABOUT_RETURN_TYPE = YES_ERROR;
				GCC_WARN_UNDECLARED_SELECTOR = YES;
				GCC_WARN_UNINITIALIZED_AUTOS = YES_AGGRESSIVE;
				GCC_WARN_UNUSED_FUNCTION = YES;
				GCC_WARN_UNUSED_VARIABLE = YES;
				IPHONEOS_DEPLOYMENT_TARGET = 16.1;
				MTL_ENABLE_DEBUG_INFO = NO;
				MTL_FAST_MATH = YES;
				SDKROOT = iphoneos;
				SWIFT_COMPILATION_MODE = wholemodule;
				SWIFT_OPTIMIZATION_LEVEL = "-O";
				VALIDATE_PRODUCT = YES;
			};
			name = Release;
		};
		B39C5B51292FAB61005DC256 /* Debug */ = {
			isa = XCBuildConfiguration;
			buildSettings = {
				ASSETCATALOG_COMPILER_APPICON_NAME = AppIcon;
				ASSETCATALOG_COMPILER_GLOBAL_ACCENT_COLOR_NAME = AccentColor;
				CODE_SIGN_STYLE = Automatic;
				CURRENT_PROJECT_VERSION = 1;
				DEVELOPMENT_ASSET_PATHS = "\"GIPHY World/Preview Content\"";
				DEVELOPMENT_TEAM = 38BRD9SJV7;
				ENABLE_PREVIEWS = YES;
				GENERATE_INFOPLIST_FILE = YES;
				INFOPLIST_FILE = "GIPHY-World-Info.plist";
				INFOPLIST_KEY_LSApplicationCategoryType = "public.app-category.social-networking";
				INFOPLIST_KEY_NSCameraUsageDescription = "The app uses camera to show the cutest GIFs";
				INFOPLIST_KEY_UIApplicationSupportsIndirectInputEvents = YES;
				INFOPLIST_KEY_UILaunchScreen_Generation = YES;
				INFOPLIST_KEY_UIRequiredDeviceCapabilities = arkit;
				INFOPLIST_KEY_UIStatusBarHidden = YES;
				INFOPLIST_KEY_UIStatusBarStyle = UIStatusBarStyleDarkContent;
				INFOPLIST_KEY_UISupportedInterfaceOrientations_iPad = "UIInterfaceOrientationPortrait UIInterfaceOrientationPortraitUpsideDown UIInterfaceOrientationLandscapeLeft UIInterfaceOrientationLandscapeRight";
				INFOPLIST_KEY_UISupportedInterfaceOrientations_iPhone = "UIInterfaceOrientationPortrait UIInterfaceOrientationLandscapeLeft UIInterfaceOrientationLandscapeRight";
				INFOPLIST_KEY_UIUserInterfaceStyle = Dark;
				LD_RUNPATH_SEARCH_PATHS = (
					"$(inherited)",
					"@executable_path/Frameworks",
				);
				MARKETING_VERSION = 1.0;
				PRODUCT_BUNDLE_IDENTIFIER = "com.michaelborisov.GIPHY-World";
				PRODUCT_NAME = "$(TARGET_NAME)";
				SUPPORTED_PLATFORMS = "iphoneos iphonesimulator";
				SUPPORTS_MACCATALYST = NO;
				SUPPORTS_MAC_DESIGNED_FOR_IPHONE_IPAD = NO;
				SWIFT_EMIT_LOC_STRINGS = YES;
				SWIFT_VERSION = 5.0;
				TARGETED_DEVICE_FAMILY = "1,2";
			};
			name = Debug;
		};
		B39C5B52292FAB61005DC256 /* Release */ = {
			isa = XCBuildConfiguration;
			buildSettings = {
				ASSETCATALOG_COMPILER_APPICON_NAME = AppIcon;
				ASSETCATALOG_COMPILER_GLOBAL_ACCENT_COLOR_NAME = AccentColor;
				CODE_SIGN_STYLE = Automatic;
				CURRENT_PROJECT_VERSION = 1;
				DEVELOPMENT_ASSET_PATHS = "\"GIPHY World/Preview Content\"";
				DEVELOPMENT_TEAM = 38BRD9SJV7;
				ENABLE_PREVIEWS = YES;
				GENERATE_INFOPLIST_FILE = YES;
				INFOPLIST_FILE = "GIPHY-World-Info.plist";
				INFOPLIST_KEY_LSApplicationCategoryType = "public.app-category.social-networking";
				INFOPLIST_KEY_NSCameraUsageDescription = "The app uses camera to show the cutest GIFs";
				INFOPLIST_KEY_UIApplicationSupportsIndirectInputEvents = YES;
				INFOPLIST_KEY_UILaunchScreen_Generation = YES;
				INFOPLIST_KEY_UIRequiredDeviceCapabilities = arkit;
				INFOPLIST_KEY_UIStatusBarHidden = YES;
				INFOPLIST_KEY_UIStatusBarStyle = UIStatusBarStyleDarkContent;
				INFOPLIST_KEY_UISupportedInterfaceOrientations_iPad = "UIInterfaceOrientationPortrait UIInterfaceOrientationPortraitUpsideDown UIInterfaceOrientationLandscapeLeft UIInterfaceOrientationLandscapeRight";
				INFOPLIST_KEY_UISupportedInterfaceOrientations_iPhone = "UIInterfaceOrientationPortrait UIInterfaceOrientationLandscapeLeft UIInterfaceOrientationLandscapeRight";
				INFOPLIST_KEY_UIUserInterfaceStyle = Dark;
				LD_RUNPATH_SEARCH_PATHS = (
					"$(inherited)",
					"@executable_path/Frameworks",
				);
				MARKETING_VERSION = 1.0;
				PRODUCT_BUNDLE_IDENTIFIER = "com.michaelborisov.GIPHY-World";
				PRODUCT_NAME = "$(TARGET_NAME)";
				SUPPORTED_PLATFORMS = "iphoneos iphonesimulator";
				SUPPORTS_MACCATALYST = NO;
				SUPPORTS_MAC_DESIGNED_FOR_IPHONE_IPAD = NO;
				SWIFT_EMIT_LOC_STRINGS = YES;
				SWIFT_VERSION = 5.0;
				TARGETED_DEVICE_FAMILY = "1,2";
			};
			name = Release;
		};
/* End XCBuildConfiguration section */

/* Begin XCConfigurationList section */
		B39C5B3B292FAB60005DC256 /* Build configuration list for PBXProject "GIPHY World" */ = {
			isa = XCConfigurationList;
			buildConfigurations = (
				B39C5B4E292FAB61005DC256 /* Debug */,
				B39C5B4F292FAB61005DC256 /* Release */,
			);
			defaultConfigurationIsVisible = 0;
			defaultConfigurationName = Release;
		};
		B39C5B50292FAB61005DC256 /* Build configuration list for PBXNativeTarget "GIPHY World" */ = {
			isa = XCConfigurationList;
			buildConfigurations = (
				B39C5B51292FAB61005DC256 /* Debug */,
				B39C5B52292FAB61005DC256 /* Release */,
			);
			defaultConfigurationIsVisible = 0;
			defaultConfigurationName = Release;
		};
/* End XCConfigurationList section */
	};
	rootObject = B39C5B38292FAB60005DC256 /* Project object */;
}
